
Microsoft Visual Studio Solution File, Format Version 12.00
# Visual Studio Version 17
VisualStudioVersion = 17.7.33906.173
MinimumVisualStudioVersion = 10.0.40219.1
Project("{FAE04EC0-301F-11D3-BF4B-00C04F79EFBC}") = "ProductService", "ProductService\ProductService.csproj", "{1360E9EB-A0FA-4D22-9D61-7C2AFA249C45}"
EndProject
Project("{FAE04EC0-301F-11D3-BF4B-00C04F79EFBC}") = "ProductWebApp", "ProductWebApp\ProductWebApp.csproj", "{5C47E82E-9E7E-444D-8E78-4D34D4A1DCD5}"
EndProject
Project("{E53339B2-1760-4266-BCC7-CA923CBCF16C}") = "docker-compose", "docker-compose.dcproj", "{EBACC788-0AA5-428E-9051-A8A0DF5E5360}"
EndProject
Global
	GlobalSection(SolutionConfigurationPlatforms) = preSolution
		Debug|Any CPU = Debug|Any CPU
		Release|Any CPU = Release|Any CPU
	EndGlobalSection
	GlobalSection(ProjectConfigurationPlatforms) = postSolution
		{1360E9EB-A0FA-4D22-9D61-7C2AFA249C45}.Debug|Any CPU.ActiveCfg = Debug|Any CPU
		{1360E9EB-A0FA-4D22-9D61-7C2AFA249C45}.Debug|Any CPU.Build.0 = Debug|Any CPU
		{1360E9EB-A0FA-4D22-9D61-7C2AFA249C45}.Release|Any CPU.ActiveCfg = Release|Any CPU
		{1360E9EB-A0FA-4D22-9D61-7C2AFA249C45}.Release|Any CPU.Build.0 = Release|Any CPU
		{5C47E82E-9E7E-444D-8E78-4D34D4A1DCD5}.Debug|Any CPU.ActiveCfg = Debug|Any CPU
		{5C47E82E-9E7E-444D-8E78-4D34D4A1DCD5}.Debug|Any CPU.Build.0 = Debug|Any CPU
		{5C47E82E-9E7E-444D-8E78-4D34D4A1DCD5}.Release|Any CPU.ActiveCfg = Release|Any CPU
		{5C47E82E-9E7E-444D-8E78-4D34D4A1DCD5}.Release|Any CPU.Build.0 = Release|Any CPU
		{EBACC788-0AA5-428E-9051-A8A0DF5E5360}.Debug|Any CPU.ActiveCfg = Debug|Any CPU
		{EBACC788-0AA5-428E-9051-A8A0DF5E5360}.Debug|Any CPU.Build.0 = Debug|Any CPU
		{EBACC788-0AA5-428E-9051-A8A0DF5E5360}.Release|Any CPU.ActiveCfg = Release|Any CPU
		{EBACC788-0AA5-428E-9051-A8A0DF5E5360}.Release|Any CPU.Build.0 = Release|Any CPU
	EndGlobalSection
	GlobalSection(SolutionProperties) = preSolution
		HideSolutionNode = FALSE
	EndGlobalSection
	GlobalSection(ExtensibilityGlobals) = postSolution
		SolutionGuid = {70D3F4B5-D3BD-4617-85F6-65E0A707FC9F}
	EndGlobalSection
EndGlobal
